
Microsoft Visual Studio Solution File, Format Version 12.00
# Visual Studio Version 16
VisualStudioVersion = 16.0.29709.97
MinimumVisualStudioVersion = 10.0.40219.1
Project("{FAE04EC0-301F-11D3-BF4B-00C04F79EFBC}") = "WikipediaCrawl", "WikipediaCrawl\WikipediaCrawl.csproj", "{AA6593FC-B7E8-4CA7-9BA9-7504136C15E3}"
EndProject
Global
	GlobalSection(SolutionConfigurationPlatforms) = preSolution
		Debug|Any CPU = Debug|Any CPU
		Release|Any CPU = Release|Any CPU
	EndGlobalSection
	GlobalSection(ProjectConfigurationPlatforms) = postSolution
		{AA6593FC-B7E8-4CA7-9BA9-7504136C15E3}.Debug|Any CPU.ActiveCfg = Debug|Any CPU
		{AA6593FC-B7E8-4CA7-9BA9-7504136C15E3}.Debug|Any CPU.Build.0 = Debug|Any CPU
		{AA6593FC-B7E8-4CA7-9BA9-7504136C15E3}.Release|Any CPU.ActiveCfg = Release|Any CPU
		{AA6593FC-B7E8-4CA7-9BA9-7504136C15E3}.Release|Any CPU.Build.0 = Release|Any CPU
	EndGlobalSection
	GlobalSection(SolutionProperties) = preSolution
		HideSolutionNode = FALSE
	EndGlobalSection
	GlobalSection(ExtensibilityGlobals) = postSolution
		SolutionGuid = {F860C079-DA67-4540-B408-9E2BD063505D}
	EndGlobalSection
EndGlobal
